
Microsoft Visual Studio Solution File, Format Version 12.00
# Visual Studio Version 17
VisualStudioVersion = 17.10.34818.151
MinimumVisualStudioVersion = 10.0.40219.1
Project("{2150E333-8FDC-42A3-9474-1A3956D46DE8}") = "src", "src", "{7F1925BC-9BE8-43A8-B5B9-672C4A25A386}"
EndProject
Project("{9A19103F-16F7-4668-BE54-9A1E7A4F7556}") = "Boba.Cache.Memory", "src\Boba.Cache.Memory\Boba.Cache.Memory.csproj", "{BC39F111-AF29-4866-9A23-1E3027ADB762}"
EndProject
Project("{9A19103F-16F7-4668-BE54-9A1E7A4F7556}") = "Boba.Cache", "src\Boba.Cache\Boba.Cache.csproj", "{492B75E5-CDA0-4543-BAAA-1933BE3FDA41}"
EndProject
Project("{9A19103F-16F7-4668-BE54-9A1E7A4F7556}") = "Boba.Cache.Microsoft.DependencyInjection", "src\Boba.Cache.Microsoft.DependencyInjection\Boba.Cache.Microsoft.DependencyInjection.csproj", "{6926F3B6-67AC-431B-8450-24F8D7D12196}"
EndProject
Project("{9A19103F-16F7-4668-BE54-9A1E7A4F7556}") = "Boba.Cache.Memory.Microsoft.DependencyInjection", "src\Boba.Cache.Memory.Microsoft.DependencyInjection\Boba.Cache.Memory.Microsoft.DependencyInjection.csproj", "{641D9E10-4C00-45B8-BE43-14A05A7EC55B}"
EndProject
Project("{9A19103F-16F7-4668-BE54-9A1E7A4F7556}") = "Boba.Cache.Redis", "src\Boba.Cache.Redis\Boba.Cache.Redis.csproj", "{D8201F3C-486E-461A-986F-D0282EC9A4A4}"
EndProject
Project("{9A19103F-16F7-4668-BE54-9A1E7A4F7556}") = "Boba.Cache.Redis.Microsoft.DependencyInjection", "src\Boba.Cache.Redis.Microsoft.DependencyInjection\Boba.Cache.Redis.Microsoft.DependencyInjection.csproj", "{93115093-8261-49C7-B891-04DF03B9A39A}"
EndProject
Project("{2150E333-8FDC-42A3-9474-1A3956D46DE8}") = "Solution Items", "Solution Items", "{00F6239C-F47C-43D5-8747-F2CB4A1ABCAF}"
	ProjectSection(SolutionItems) = preProject
		..\..\..\..\Desktop\Boba\Boba.Cache.png = ..\..\..\..\Desktop\Boba\Boba.Cache.png
	EndProjectSection
EndProject
Project("{2150E333-8FDC-42A3-9474-1A3956D46DE8}") = "samples", "samples", "{0FD7E9C2-9434-4A97-A22A-41DF1D6A7363}"
EndProject
Project("{FAE04EC0-301F-11D3-BF4B-00C04F79EFBC}") = "Boba.Cache.Web.Memory", "samples\Boba.Cache.Web.Memory\Boba.Cache.Web.Memory.csproj", "{92686AA9-5C87-45DC-84A5-3A30C6D936F5}"
EndProject
Global
	GlobalSection(SolutionConfigurationPlatforms) = preSolution
		Debug|Any CPU = Debug|Any CPU
		Release|Any CPU = Release|Any CPU
	EndGlobalSection
	GlobalSection(ProjectConfigurationPlatforms) = postSolution
		{BC39F111-AF29-4866-9A23-1E3027ADB762}.Debug|Any CPU.ActiveCfg = Debug|Any CPU
		{BC39F111-AF29-4866-9A23-1E3027ADB762}.Debug|Any CPU.Build.0 = Debug|Any CPU
		{BC39F111-AF29-4866-9A23-1E3027ADB762}.Release|Any CPU.ActiveCfg = Release|Any CPU
		{BC39F111-AF29-4866-9A23-1E3027ADB762}.Release|Any CPU.Build.0 = Release|Any CPU
		{492B75E5-CDA0-4543-BAAA-1933BE3FDA41}.Debug|Any CPU.ActiveCfg = Debug|Any CPU
		{492B75E5-CDA0-4543-BAAA-1933BE3FDA41}.Debug|Any CPU.Build.0 = Debug|Any CPU
		{492B75E5-CDA0-4543-BAAA-1933BE3FDA41}.Release|Any CPU.ActiveCfg = Release|Any CPU
		{492B75E5-CDA0-4543-BAAA-1933BE3FDA41}.Release|Any CPU.Build.0 = Release|Any CPU
		{6926F3B6-67AC-431B-8450-24F8D7D12196}.Debug|Any CPU.ActiveCfg = Debug|Any CPU
		{6926F3B6-67AC-431B-8450-24F8D7D12196}.Debug|Any CPU.Build.0 = Debug|Any CPU
		{6926F3B6-67AC-431B-8450-24F8D7D12196}.Release|Any CPU.ActiveCfg = Release|Any CPU
		{6926F3B6-67AC-431B-8450-24F8D7D12196}.Release|Any CPU.Build.0 = Release|Any CPU
		{641D9E10-4C00-45B8-BE43-14A05A7EC55B}.Debug|Any CPU.ActiveCfg = Debug|Any CPU
		{641D9E10-4C00-45B8-BE43-14A05A7EC55B}.Debug|Any CPU.Build.0 = Debug|Any CPU
		{641D9E10-4C00-45B8-BE43-14A05A7EC55B}.Release|Any CPU.ActiveCfg = Release|Any CPU
		{641D9E10-4C00-45B8-BE43-14A05A7EC55B}.Release|Any CPU.Build.0 = Release|Any CPU
		{D8201F3C-486E-461A-986F-D0282EC9A4A4}.Debug|Any CPU.ActiveCfg = Debug|Any CPU
		{D8201F3C-486E-461A-986F-D0282EC9A4A4}.Debug|Any CPU.Build.0 = Debug|Any CPU
		{D8201F3C-486E-461A-986F-D0282EC9A4A4}.Release|Any CPU.ActiveCfg = Release|Any CPU
		{D8201F3C-486E-461A-986F-D0282EC9A4A4}.Release|Any CPU.Build.0 = Release|Any CPU
		{93115093-8261-49C7-B891-04DF03B9A39A}.Debug|Any CPU.ActiveCfg = Debug|Any CPU
		{93115093-8261-49C7-B891-04DF03B9A39A}.Debug|Any CPU.Build.0 = Debug|Any CPU
		{93115093-8261-49C7-B891-04DF03B9A39A}.Release|Any CPU.ActiveCfg = Release|Any CPU
		{93115093-8261-49C7-B891-04DF03B9A39A}.Release|Any CPU.Build.0 = Release|Any CPU
		{92686AA9-5C87-45DC-84A5-3A30C6D936F5}.Debug|Any CPU.ActiveCfg = Debug|Any CPU
		{92686AA9-5C87-45DC-84A5-3A30C6D936F5}.Debug|Any CPU.Build.0 = Debug|Any CPU
		{92686AA9-5C87-45DC-84A5-3A30C6D936F5}.Release|Any CPU.ActiveCfg = Release|Any CPU
		{92686AA9-5C87-45DC-84A5-3A30C6D936F5}.Release|Any CPU.Build.0 = Release|Any CPU
	EndGlobalSection
	GlobalSection(SolutionProperties) = preSolution
		HideSolutionNode = FALSE
	EndGlobalSection
	GlobalSection(NestedProjects) = preSolution
		{BC39F111-AF29-4866-9A23-1E3027ADB762} = {7F1925BC-9BE8-43A8-B5B9-672C4A25A386}
		{492B75E5-CDA0-4543-BAAA-1933BE3FDA41} = {7F1925BC-9BE8-43A8-B5B9-672C4A25A386}
		{6926F3B6-67AC-431B-8450-24F8D7D12196} = {7F1925BC-9BE8-43A8-B5B9-672C4A25A386}
		{641D9E10-4C00-45B8-BE43-14A05A7EC55B} = {7F1925BC-9BE8-43A8-B5B9-672C4A25A386}
		{D8201F3C-486E-461A-986F-D0282EC9A4A4} = {7F1925BC-9BE8-43A8-B5B9-672C4A25A386}
		{93115093-8261-49C7-B891-04DF03B9A39A} = {7F1925BC-9BE8-43A8-B5B9-672C4A25A386}
		{92686AA9-5C87-45DC-84A5-3A30C6D936F5} = {0FD7E9C2-9434-4A97-A22A-41DF1D6A7363}
	EndGlobalSection
	GlobalSection(ExtensibilityGlobals) = postSolution
		SolutionGuid = {11862B96-40E1-4DA4-B017-A87E7DDD7871}
	EndGlobalSection
EndGlobal
